
Microsoft Visual Studio Solution File, Format Version 12.00
# Visual Studio 2013
VisualStudioVersion = 12.0.31101.0
MinimumVisualStudioVersion = 10.0.40219.1
Project("{FAE04EC0-301F-11D3-BF4B-00C04F79EFBC}") = "REDCapClient", "REDCapClient\REDCapClient.csproj", "{48BAA86C-4432-4B4C-90FC-D573F04E64C4}"
EndProject
Project("{FAE04EC0-301F-11D3-BF4B-00C04F79EFBC}") = "REDCapExporter", "REDCapExporter\REDCapExporter.csproj", "{F57F03F4-56B9-4007-933D-1524DDAEA26F}"
EndProject
Project("{2150E333-8FDC-42A3-9474-1A3956D46DE8}") = ".nuget", ".nuget", "{61D4BF50-4230-4C2B-A320-0E0B7ED69793}"
	ProjectSection(SolutionItems) = preProject
		.nuget\NuGet.Config = .nuget\NuGet.Config
		.nuget\NuGet.exe = .nuget\NuGet.exe
		.nuget\NuGet.targets = .nuget\NuGet.targets
	EndProjectSection
EndProject
Global
	GlobalSection(SolutionConfigurationPlatforms) = preSolution
		Debug|Any CPU = Debug|Any CPU
		Release|Any CPU = Release|Any CPU
	EndGlobalSection
	GlobalSection(ProjectConfigurationPlatforms) = postSolution
		{48BAA86C-4432-4B4C-90FC-D573F04E64C4}.Debug|Any CPU.ActiveCfg = Debug|Any CPU
		{48BAA86C-4432-4B4C-90FC-D573F04E64C4}.Debug|Any CPU.Build.0 = Debug|Any CPU
		{48BAA86C-4432-4B4C-90FC-D573F04E64C4}.Release|Any CPU.ActiveCfg = Release|Any CPU
		{48BAA86C-4432-4B4C-90FC-D573F04E64C4}.Release|Any CPU.Build.0 = Release|Any CPU
		{F57F03F4-56B9-4007-933D-1524DDAEA26F}.Debug|Any CPU.ActiveCfg = Debug|Any CPU
		{F57F03F4-56B9-4007-933D-1524DDAEA26F}.Debug|Any CPU.Build.0 = Debug|Any CPU
		{F57F03F4-56B9-4007-933D-1524DDAEA26F}.Release|Any CPU.ActiveCfg = Release|Any CPU
		{F57F03F4-56B9-4007-933D-1524DDAEA26F}.Release|Any CPU.Build.0 = Release|Any CPU
	EndGlobalSection
	GlobalSection(SolutionProperties) = preSolution
		HideSolutionNode = FALSE
	EndGlobalSection
EndGlobal
